
Microsoft Visual Studio Solution File, Format Version 12.00
# Visual Studio Version 16
VisualStudioVersion = 16.0.31829.152
MinimumVisualStudioVersion = 10.0.40219.1
Project("{FAE04EC0-301F-11D3-BF4B-00C04F79EFBC}") = "Facade", "Facade\Facade.csproj", "{1A9D8966-7810-40D3-9FEE-89E581698906}"
EndProject
Global
	GlobalSection(SolutionConfigurationPlatforms) = preSolution
		Debug|Any CPU = Debug|Any CPU
		Release|Any CPU = Release|Any CPU
	EndGlobalSection
	GlobalSection(ProjectConfigurationPlatforms) = postSolution
		{1A9D8966-7810-40D3-9FEE-89E581698906}.Debug|Any CPU.ActiveCfg = Debug|Any CPU
		{1A9D8966-7810-40D3-9FEE-89E581698906}.Debug|Any CPU.Build.0 = Debug|Any CPU
		{1A9D8966-7810-40D3-9FEE-89E581698906}.Release|Any CPU.ActiveCfg = Release|Any CPU
		{1A9D8966-7810-40D3-9FEE-89E581698906}.Release|Any CPU.Build.0 = Release|Any CPU
	EndGlobalSection
	GlobalSection(SolutionProperties) = preSolution
		HideSolutionNode = FALSE
	EndGlobalSection
	GlobalSection(ExtensibilityGlobals) = postSolution
		SolutionGuid = {3375CD75-AE94-48F0-995D-8AA7B026A442}
	EndGlobalSection
EndGlobal
